<?xml version="1.0" encoding="utf-8"?>
<Project ToolsVersion="4.0" xmlns="http://schemas.microsoft.com/developer/msbuild/2003">
  <ItemGroup>
    <Filter Include="헤더 파일">
      <UniqueIdentifier>{8f205158-563e-46d7-bd6e-f6da30b7f4a0}</UniqueIdentifier>
    </Filter>
    <Filter Include="소스 파일">
      <UniqueIdentifier>{9ff09bce-fcbf-453c-949f-1aa88c183021}</UniqueIdentifier>
    </Filter>
    <Filter Include="리소스 파일">
      <UniqueIdentifier>{0c28c673-1ddf-4be0-aec2-ce304d73e25a}</UniqueIdentifier>
    </Filter>
  </ItemGroup>
  <ItemGroup>
    <ClCompile Include="main.cpp">
      <Filter>소스 파일</Filter>
    </ClCompile>
    <ClCompile Include="abcparser.cpp">
      <Filter>소스 파일</Filter>
    </ClCompile>
    <ClCompile Include="parserTest1.cpp">
      <Filter>소스 파일</Filter>
    </ClCompile>
    <ClCompile Include="parserTest2.cpp">
      <Filter>소스 파일</Filter>
    </ClCompile>
    <ClCompile Include="noteforavr.cpp">
      <Filter>소스 파일</Filter>
    </ClCompile>
    <ClCompile Include="AVRTest.cpp">
      <Filter>소스 파일</Filter>
    </ClCompile>
  </ItemGroup>
  <ItemGroup>
    <ClInclude Include="Data.h">
      <Filter>헤더 파일</Filter>
    </ClInclude>
    <ClInclude Include="abcparser.h">
      <Filter>헤더 파일</Filter>
    </ClInclude>
    <ClInclude Include="DataAVR.h">
      <Filter>헤더 파일</Filter>
    </ClInclude>
    <ClInclude Include="noteforavr.h">
      <Filter>헤더 파일</Filter>
    </ClInclude>
  </ItemGroup>
  <ItemGroup>
    <None Include="metroid_mono.abc">
      <Filter>리소스 파일</Filter>
    </None>
  </ItemGroup>
  <ItemGroup>
    <Text Include="metroid_mono_txt.txt">
      <Filter>리소스 파일</Filter>
    </Text>
  </ItemGroup>
</Project>